{
    "_readme": [
        "This file locks the dependencies of your project to a known state",
        "Read more about it at https://getcomposer.org/doc/01-basic-usage.md#composer-lock-the-lock-file",
        "This file is @generated automatically"
    ],
    "hash": "6788dba80e0344e4a725b2ddc77d9207",
    "content-hash": "281b5e21e4e6393c83c5a34d46c6d603",
    "packages": [
        {
            "name": "bordercloud/sparql",
            "version": "2.0.5",
            "source": {
                "type": "git",
                "url": "https://github.com/BorderCloud/SPARQL.git",
                "reference": "67d804cb03bdadc6a89b24689e09f692160d0921"
            },
            "dist": {
                "type": "zip",
                "url": "https://api.github.com/repos/BorderCloud/SPARQL/zipball/67d804cb03bdadc6a89b24689e09f692160d0921",
                "reference": "67d804cb03bdadc6a89b24689e09f692160d0921",
                "shasum": ""
            },
            "require": {
                "php": ">=5.2"
            },
            "require-dev": {
                "evert/phpdoc-md": "^0.2.0@dev",
                "michelf/php-markdown": "^1.7",
                "phpdocumentor/phpdocumentor": "2.9.0@dev",
                "phpunit/phpunit": "^6.3",
                "twig/twig": "~1.3@dev"
            },
            "bin": [
                "bin/query"
            ],
            "type": "library",
            "autoload": {
                "psr-4": {
                    "BorderCloud\\SPARQL\\": "src/",
                    "BorderCloud\\SPARQL\\Tests\\": "tests/"
                }
            },
            "notification-url": "https://packagist.org/downloads/",
            "license": [
                "CC-BY-SA-4.0"
            ],
            "authors": [
                {
                    "name": "Karima Rafes",
                    "email": "karima.rafes@bordercloud.com",
                    "homepage": "http://www.bordercloud.com/",
                    "role": "Developer"
                }
            ],
            "description": "Lib PHP very easy for SPARQL 1.1",
            "homepage": "https://github.com/BorderCloud/SPARQL",
            "keywords": [
                "RDF",
                "sparql"
            ],
            "time": "2017-09-10 12:20:11"
        }
    ],
    "packages-dev": [],
    "aliases": [],
    "minimum-stability": "stable",
    "stability-flags": [],
    "prefer-stable": false,
    "prefer-lowest": false,
    "platform": [],
    "platform-dev": []
}
